
Microsoft Visual Studio Solution File, Format Version 12.00
# Visual Studio Version 17
VisualStudioVersion = 17.8.34330.188
MinimumVisualStudioVersion = 10.0.40219.1
Project("{9A19103F-16F7-4668-BE54-9A1E7A4F7556}") = "budgetWebApp.Server", "budgetWebApp.Server\budgetWebApp.Server.csproj", "{8778A0E5-C32A-48AA-B56D-95E8028829F8}"
EndProject
Project("{54A90642-561A-4BB1-A94E-469ADEE60C69}") = "budgetwebapp.client", "budgetwebapp.client\budgetwebapp.client.esproj", "{FCF6AA0F-2BCC-43C2-8EEE-0A552B3EC14E}"
EndProject
Global
	GlobalSection(SolutionConfigurationPlatforms) = preSolution
		Debug|Any CPU = Debug|Any CPU
		Release|Any CPU = Release|Any CPU
	EndGlobalSection
	GlobalSection(ProjectConfigurationPlatforms) = postSolution
		{8778A0E5-C32A-48AA-B56D-95E8028829F8}.Debug|Any CPU.ActiveCfg = Debug|Any CPU
		{8778A0E5-C32A-48AA-B56D-95E8028829F8}.Debug|Any CPU.Build.0 = Debug|Any CPU
		{8778A0E5-C32A-48AA-B56D-95E8028829F8}.Release|Any CPU.ActiveCfg = Release|Any CPU
		{8778A0E5-C32A-48AA-B56D-95E8028829F8}.Release|Any CPU.Build.0 = Release|Any CPU
		{FCF6AA0F-2BCC-43C2-8EEE-0A552B3EC14E}.Debug|Any CPU.ActiveCfg = Debug|Any CPU
		{FCF6AA0F-2BCC-43C2-8EEE-0A552B3EC14E}.Debug|Any CPU.Build.0 = Debug|Any CPU
		{FCF6AA0F-2BCC-43C2-8EEE-0A552B3EC14E}.Debug|Any CPU.Deploy.0 = Debug|Any CPU
		{FCF6AA0F-2BCC-43C2-8EEE-0A552B3EC14E}.Release|Any CPU.ActiveCfg = Release|Any CPU
		{FCF6AA0F-2BCC-43C2-8EEE-0A552B3EC14E}.Release|Any CPU.Build.0 = Release|Any CPU
		{FCF6AA0F-2BCC-43C2-8EEE-0A552B3EC14E}.Release|Any CPU.Deploy.0 = Release|Any CPU
	EndGlobalSection
	GlobalSection(SolutionProperties) = preSolution
		HideSolutionNode = FALSE
	EndGlobalSection
	GlobalSection(ExtensibilityGlobals) = postSolution
		SolutionGuid = {46689C47-264D-4A9A-9D57-D0AE482E01DD}
	EndGlobalSection
EndGlobal
